// !$*UTF8*$!
{
	archiveVersion = 1;
	classes = {
	};
	objectVersion = 50;
	objects = {

/* Begin PBXBuildFile section */
		831E292E21886B1B00A7D06C /* AppDelegate.m in Sources */ = {isa = PBXBuildFile; fileRef = 831E292D21886B1B00A7D06C /* AppDelegate.m */; };
		831E293121886B1B00A7D06C /* ViewController.m in Sources */ = {isa = PBXBuildFile; fileRef = 831E293021886B1B00A7D06C /* ViewController.m */; };
		831E293421886B1B00A7D06C /* Main.storyboard in Resources */ = {isa = PBXBuildFile; fileRef = 831E293221886B1B00A7D06C /* Main.storyboard */; };
		831E293621886B1D00A7D06C /* Assets.xcassets in Resources */ = {isa = PBXBuildFile; fileRef = 831E293521886B1D00A7D06C /* Assets.xcassets */; };
		831E293921886B1D00A7D06C /* LaunchScreen.storyboard in Resources */ = {isa = PBXBuildFile; fileRef = 831E293721886B1D00A7D06C /* LaunchScreen.storyboard */; };
		831E293C21886B1D00A7D06C /* main.m in Sources */ = {isa = PBXBuildFile; fileRef = 831E293B21886B1D00A7D06C /* main.m */; };
		83649C30218894260084F630 /* VideoEditor.m in Sources */ = {isa = PBXBuildFile; fileRef = 83649C2F218894260084F630 /* VideoEditor.m */; };
		83649C352188A0B60084F630 /* VideoComposer.m in Sources */ = {isa = PBXBuildFile; fileRef = 83649C342188A0B60084F630 /* VideoComposer.m */; };
		83649C372188BD340084F630 /* VideoFile.mp4 in Resources */ = {isa = PBXBuildFile; fileRef = 83649C362188BD340084F630 /* VideoFile.mp4 */; };
/* End PBXBuildFile section */

/* Begin PBXFileReference section */
		831E292921886B1B00A7D06C /* VideoSlicer.app */ = {isa = PBXFileReference; explicitFileType = wrapper.application; includeInIndex = 0; path = VideoSlicer.app; sourceTree = BUILT_PRODUCTS_DIR; };
		831E292C21886B1B00A7D06C /* AppDelegate.h */ = {isa = PBXFileReference; lastKnownFileType = sourcecode.c.h; path = AppDelegate.h; sourceTree = "<group>"; };
		831E292D21886B1B00A7D06C /* AppDelegate.m */ = {isa = PBXFileReference; lastKnownFileType = sourcecode.c.objc; path = AppDelegate.m; sourceTree = "<group>"; };
		831E292F21886B1B00A7D06C /* ViewController.h */ = {isa = PBXFileReference; lastKnownFileType = sourcecode.c.h; path = ViewController.h; sourceTree = "<group>"; };
		831E293021886B1B00A7D06C /* ViewController.m */ = {isa = PBXFileReference; lastKnownFileType = sourcecode.c.objc; path = ViewController.m; sourceTree = "<group>"; };
		831E293321886B1B00A7D06C /* Base */ = {isa = PBXFileReference; lastKnownFileType = file.storyboard; name = Base; path = Base.lproj/Main.storyboard; sourceTree = "<group>"; };
		831E293521886B1D00A7D06C /* Assets.xcassets */ = {isa = PBXFileReference; lastKnownFileType = folder.assetcatalog; path = Assets.xcassets; sourceTree = "<group>"; };
		831E293821886B1D00A7D06C /* Base */ = {isa = PBXFileReference; lastKnownFileType = file.storyboard; name = Base; path = Base.lproj/LaunchScreen.storyboard; sourceTree = "<group>"; };
		831E293A21886B1D00A7D06C /* Info.plist */ = {isa = PBXFileReference; lastKnownFileType = text.plist.xml; path = Info.plist; sourceTree = "<group>"; };
		831E293B21886B1D00A7D06C /* main.m */ = {isa = PBXFileReference; lastKnownFileType = sourcecode.c.objc; path = main.m; sourceTree = "<group>"; };
		83649C2E218894260084F630 /* VideoEditor.h */ = {isa = PBXFileReference; lastKnownFileType = sourcecode.c.h; path = VideoEditor.h; sourceTree = "<group>"; };
		83649C2F218894260084F630 /* VideoEditor.m */ = {isa = PBXFileReference; lastKnownFileType = sourcecode.c.objc; path = VideoEditor.m; sourceTree = "<group>"; };
		83649C332188A0B60084F630 /* VideoComposer.h */ = {isa = PBXFileReference; lastKnownFileType = sourcecode.c.h; path = VideoComposer.h; sourceTree = "<group>"; };
		83649C342188A0B60084F630 /* VideoComposer.m */ = {isa = PBXFileReference; lastKnownFileType = sourcecode.c.objc; path = VideoComposer.m; sourceTree = "<group>"; };
		83649C362188BD340084F630 /* VideoFile.mp4 */ = {isa = PBXFileReference; lastKnownFileType = file; path = VideoFile.mp4; sourceTree = "<group>"; };
/* End PBXFileReference section */

/* Begin PBXFrameworksBuildPhase section */
		831E292621886B1B00A7D06C /* Frameworks */ = {
			isa = PBXFrameworksBuildPhase;
			buildActionMask = 2147483647;
			files = (
			);
			runOnlyForDeploymentPostprocessing = 0;
		};
/* End PBXFrameworksBuildPhase section */

/* Begin PBXGroup section */
		831E292021886B1B00A7D06C = {
			isa = PBXGroup;
			children = (
				831E292B21886B1B00A7D06C /* VideoSlicer */,
				831E292A21886B1B00A7D06C /* Products */,
			);
			sourceTree = "<group>";
		};
		831E292A21886B1B00A7D06C /* Products */ = {
			isa = PBXGroup;
			children = (
				831E292921886B1B00A7D06C /* VideoSlicer.app */,
			);
			name = Products;
			sourceTree = "<group>";
		};
		831E292B21886B1B00A7D06C /* VideoSlicer */ = {
			isa = PBXGroup;
			children = (
				83649C3A2188BE1A0084F630 /* Sources */,
				83649C392188BE120084F630 /* ViewControllers */,
				83649C382188BDD70084F630 /* VideoProccessing */,
				831E292C21886B1B00A7D06C /* AppDelegate.h */,
				831E292D21886B1B00A7D06C /* AppDelegate.m */,
				831E293221886B1B00A7D06C /* Main.storyboard */,
				831E293521886B1D00A7D06C /* Assets.xcassets */,
				831E293721886B1D00A7D06C /* LaunchScreen.storyboard */,
				831E293A21886B1D00A7D06C /* Info.plist */,
				831E293B21886B1D00A7D06C /* main.m */,
			);
			path = VideoSlicer;
			sourceTree = "<group>";
		};
		83649C382188BDD70084F630 /* VideoProccessing */ = {
			isa = PBXGroup;
			children = (
				83649C332188A0B60084F630 /* VideoComposer.h */,
				83649C342188A0B60084F630 /* VideoComposer.m */,
				83649C2E218894260084F630 /* VideoEditor.h */,
				83649C2F218894260084F630 /* VideoEditor.m */,
			);
			path = VideoProccessing;
			sourceTree = "<group>";
		};
		83649C392188BE120084F630 /* ViewControllers */ = {
			isa = PBXGroup;
			children = (
				831E292F21886B1B00A7D06C /* ViewController.h */,
				831E293021886B1B00A7D06C /* ViewController.m */,
			);
			path = ViewControllers;
			sourceTree = "<group>";
		};
		83649C3A2188BE1A0084F630 /* Sources */ = {
			isa = PBXGroup;
			children = (
				83649C362188BD340084F630 /* VideoFile.mp4 */,
			);
			path = Sources;
			sourceTree = "<group>";
		};
/* End PBXGroup section */

/* Begin PBXNativeTarget section */
		831E292821886B1B00A7D06C /* VideoSlicer */ = {
			isa = PBXNativeTarget;
			buildConfigurationList = 831E293F21886B1D00A7D06C /* Build configuration list for PBXNativeTarget "VideoSlicer" */;
			buildPhases = (
				831E292521886B1B00A7D06C /* Sources */,
				831E292621886B1B00A7D06C /* Frameworks */,
				831E292721886B1B00A7D06C /* Resources */,
			);
			buildRules = (
			);
			dependencies = (
			);
			name = VideoSlicer;
			productName = VideoSlicer;
			productReference = 831E292921886B1B00A7D06C /* VideoSlicer.app */;
			productType = "com.apple.product-type.application";
		};
/* End PBXNativeTarget section */

/* Begin PBXProject section */
		831E292121886B1B00A7D06C /* Project object */ = {
			isa = PBXProject;
			attributes = {
				LastUpgradeCheck = 1000;
				ORGANIZATIONNAME = companyName;
				TargetAttributes = {
					831E292821886B1B00A7D06C = {
						CreatedOnToolsVersion = 10.0;
					};
				};
			};
			buildConfigurationList = 831E292421886B1B00A7D06C /* Build configuration list for PBXProject "VideoSlicer" */;
			compatibilityVersion = "Xcode 9.3";
			developmentRegion = en;
			hasScannedForEncodings = 0;
			knownRegions = (
				en,
				Base,
			);
			mainGroup = 831E292021886B1B00A7D06C;
			productRefGroup = 831E292A21886B1B00A7D06C /* Products */;
			projectDirPath = "";
			projectRoot = "";
			targets = (
				831E292821886B1B00A7D06C /* VideoSlicer */,
			);
		};
/* End PBXProject section */

/* Begin PBXResourcesBuildPhase section */
		831E292721886B1B00A7D06C /* Resources */ = {
			isa = PBXResourcesBuildPhase;
			buildActionMask = 2147483647;
			files = (
				831E293921886B1D00A7D06C /* LaunchScreen.storyboard in Resources */,
				83649C372188BD340084F630 /* VideoFile.mp4 in Resources */,
				831E293621886B1D00A7D06C /* Assets.xcassets in Resources */,
				831E293421886B1B00A7D06C /* Main.storyboard in Resources */,
			);
			runOnlyForDeploymentPostprocessing = 0;
		};
/* End PBXResourcesBuildPhase section */

/* Begin PBXSourcesBuildPhase section */
		831E292521886B1B00A7D06C /* Sources */ = {
			isa = PBXSourcesBuildPhase;
			buildActionMask = 2147483647;
			files = (
				83649C30218894260084F630 /* VideoEditor.m in Sources */,
				83649C352188A0B60084F630 /* VideoComposer.m in Sources */,
				831E293121886B1B00A7D06C /* ViewController.m in Sources */,
				831E293C21886B1D00A7D06C /* main.m in Sources */,
				831E292E21886B1B00A7D06C /* AppDelegate.m in Sources */,
			);
			runOnlyForDeploymentPostprocessing = 0;
		};
/* End PBXSourcesBuildPhase section */

/* Begin PBXVariantGroup section */
		831E293221886B1B00A7D06C /* Main.storyboard */ = {
			isa = PBXVariantGroup;
			children = (
				831E293321886B1B00A7D06C /* Base */,
			);
			name = Main.storyboard;
			sourceTree = "<group>";
		};
		831E293721886B1D00A7D06C /* LaunchScreen.storyboard */ = {
			isa = PBXVariantGroup;
			children = (
				831E293821886B1D00A7D06C /* Base */,
			);
			name = LaunchScreen.storyboard;
			sourceTree = "<group>";
		};
/* End PBXVariantGroup section */

/* Begin XCBuildConfiguration section */
		831E293D21886B1D00A7D06C /* Debug */ = {
			isa = XCBuildConfiguration;
			buildSettings = {
				ALWAYS_SEARCH_USER_PATHS = NO;
				CLANG_ANALYZER_NONNULL = YES;
				CLANG_ANALYZER_NUMBER_OBJECT_CONVERSION = YES_AGGRESSIVE;
				CLANG_CXX_LANGUAGE_STANDARD = "gnu++14";
				CLANG_CXX_LIBRARY = "libc++";
				CLANG_ENABLE_MODULES = YES;
				CLANG_ENABLE_OBJC_ARC = YES;
				CLANG_ENABLE_OBJC_WEAK = YES;
				CLANG_WARN_BLOCK_CAPTURE_AUTORELEASING = YES;
				CLANG_WARN_BOOL_CONVERSION = YES;
				CLANG_WARN_COMMA = YES;
				CLANG_WARN_CONSTANT_CONVERSION = YES;
				CLANG_WARN_DEPRECATED_OBJC_IMPLEMENTATIONS = YES;
				CLANG_WARN_DIRECT_OBJC_ISA_USAGE = YES_ERROR;
				CLANG_WARN_DOCUMENTATION_COMMENTS = YES;
				CLANG_WARN_EMPTY_BODY = YES;
				CLANG_WARN_ENUM_CONVERSION = YES;
				CLANG_WARN_INFINITE_RECURSION = YES;
				CLANG_WARN_INT_CONVERSION = YES;
				CLANG_WARN_NON_LITERAL_NULL_CONVERSION = YES;
				CLANG_WARN_OBJC_IMPLICIT_RETAIN_SELF = YES;
				CLANG_WARN_OBJC_LITERAL_CONVERSION = YES;
				CLANG_WARN_OBJC_ROOT_CLASS = YES_ERROR;
				CLANG_WARN_RANGE_LOOP_ANALYSIS = YES;
				CLANG_WARN_STRICT_PROTOTYPES = YES;
				CLANG_WARN_SUSPICIOUS_MOVE = YES;
				CLANG_WARN_UNGUARDED_AVAILABILITY = YES_AGGRESSIVE;
				CLANG_WARN_UNREACHABLE_CODE = YES;
				CLANG_WARN__DUPLICATE_METHOD_MATCH = YES;
				CODE_SIGN_IDENTITY = "iPhone Developer";
				COPY_PHASE_STRIP = NO;
				DEBUG_INFORMATION_FORMAT = dwarf;
				ENABLE_STRICT_OBJC_MSGSEND = YES;
				ENABLE_TESTABILITY = YES;
				GCC_C_LANGUAGE_STANDARD = gnu11;
				GCC_DYNAMIC_NO_PIC = NO;
				GCC_NO_COMMON_BLOCKS = YES;
				GCC_OPTIMIZATION_LEVEL = 0;
				GCC_PREPROCESSOR_DEFINITIONS = (
					"DEBUG=1",
					"$(inherited)",
				);
				GCC_WARN_64_TO_32_BIT_CONVERSION = YES;
				GCC_WARN_ABOUT_RETURN_TYPE = YES_ERROR;
				GCC_WARN_UNDECLARED_SELECTOR = YES;
				GCC_WARN_UNINITIALIZED_AUTOS = YES_AGGRESSIVE;
				GCC_WARN_UNUSED_FUNCTION = YES;
				GCC_WARN_UNUSED_VARIABLE = YES;
				IPHONEOS_DEPLOYMENT_TARGET = 12.0;
				MTL_ENABLE_DEBUG_INFO = INCLUDE_SOURCE;
				MTL_FAST_MATH = YES;
				ONLY_ACTIVE_ARCH = YES;
				SDKROOT = iphoneos;
			};
			name = Debug;
		};
		831E293E21886B1D00A7D06C /* Release */ = {
			isa = XCBuildConfiguration;
			buildSettings = {
				ALWAYS_SEARCH_USER_PATHS = NO;
				CLANG_ANALYZER_NONNULL = YES;
				CLANG_ANALYZER_NUMBER_OBJECT_CONVERSION = YES_AGGRESSIVE;
				CLANG_CXX_LANGUAGE_STANDARD = "gnu++14";
				CLANG_CXX_LIBRARY = "libc++";
				CLANG_ENABLE_MODULES = YES;
				CLANG_ENABLE_OBJC_ARC = YES;
				CLANG_ENABLE_OBJC_WEAK = YES;
				CLANG_WARN_BLOCK_CAPTURE_AUTORELEASING = YES;
				CLANG_WARN_BOOL_CONVERSION = YES;
				CLANG_WARN_COMMA = YES;
				CLANG_WARN_CONSTANT_CONVERSION = YES;
				CLANG_WARN_DEPRECATED_OBJC_IMPLEMENTATIONS = YES;
				CLANG_WARN_DIRECT_OBJC_ISA_USAGE = YES_ERROR;
				CLANG_WARN_DOCUMENTATION_COMMENTS = YES;
				CLANG_WARN_EMPTY_BODY = YES;
				CLANG_WARN_ENUM_CONVERSION = YES;
				CLANG_WARN_INFINITE_RECURSION = YES;
				CLANG_WARN_INT_CONVERSION = YES;
				CLANG_WARN_NON_LITERAL_NULL_CONVERSION = YES;
				CLANG_WARN_OBJC_IMPLICIT_RETAIN_SELF = YES;
				CLANG_WARN_OBJC_LITERAL_CONVERSION = YES;
				CLANG_WARN_OBJC_ROOT_CLASS = YES_ERROR;
				CLANG_WARN_RANGE_LOOP_ANALYSIS = YES;
				CLANG_WARN_STRICT_PROTOTYPES = YES;
				CLANG_WARN_SUSPICIOUS_MOVE = YES;
				CLANG_WARN_UNGUARDED_AVAILABILITY = YES_AGGRESSIVE;
				CLANG_WARN_UNREACHABLE_CODE = YES;
				CLANG_WARN__DUPLICATE_METHOD_MATCH = YES;
				CODE_SIGN_IDENTITY = "iPhone Developer";
				COPY_PHASE_STRIP = NO;
				DEBUG_INFORMATION_FORMAT = "dwarf-with-dsym";
				ENABLE_NS_ASSERTIONS = NO;
				ENABLE_STRICT_OBJC_MSGSEND = YES;
				GCC_C_LANGUAGE_STANDARD = gnu11;
				GCC_NO_COMMON_BLOCKS = YES;
				GCC_WARN_64_TO_32_BIT_CONVERSION = YES;
				GCC_WARN_ABOUT_RETURN_TYPE = YES_ERROR;
				GCC_WARN_UNDECLARED_SELECTOR = YES;
				GCC_WARN_UNINITIALIZED_AUTOS = YES_AGGRESSIVE;
				GCC_WARN_UNUSED_FUNCTION = YES;
				GCC_WARN_UNUSED_VARIABLE = YES;
				IPHONEOS_DEPLOYMENT_TARGET = 12.0;
				MTL_ENABLE_DEBUG_INFO = NO;
				MTL_FAST_MATH = YES;
				SDKROOT = iphoneos;
				VALIDATE_PRODUCT = YES;
			};
			name = Release;
		};
		831E294021886B1D00A7D06C /* Debug */ = {
			isa = XCBuildConfiguration;
			buildSettings = {
				ASSETCATALOG_COMPILER_APPICON_NAME = AppIcon;
				CODE_SIGN_STYLE = Automatic;
				INFOPLIST_FILE = VideoSlicer/Info.plist;
				LD_RUNPATH_SEARCH_PATHS = (
					"$(inherited)",
					"@executable_path/Frameworks",
				);
				PRODUCT_BUNDLE_IDENTIFIER = sh.VideoSlicer;
				PRODUCT_NAME = "$(TARGET_NAME)";
				TARGETED_DEVICE_FAMILY = "1,2";
			};
			name = Debug;
		};
		831E294121886B1D00A7D06C /* Release */ = {
			isa = XCBuildConfiguration;
			buildSettings = {
				ASSETCATALOG_COMPILER_APPICON_NAME = AppIcon;
				CODE_SIGN_STYLE = Automatic;
				INFOPLIST_FILE = VideoSlicer/Info.plist;
				LD_RUNPATH_SEARCH_PATHS = (
					"$(inherited)",
					"@executable_path/Frameworks",
				);
				PRODUCT_BUNDLE_IDENTIFIER = sh.VideoSlicer;
				PRODUCT_NAME = "$(TARGET_NAME)";
				TARGETED_DEVICE_FAMILY = "1,2";
			};
			name = Release;
		};
/* End XCBuildConfiguration section */

/* Begin XCConfigurationList section */
		831E292421886B1B00A7D06C /* Build configuration list for PBXProject "VideoSlicer" */ = {
			isa = XCConfigurationList;
			buildConfigurations = (
				831E293D21886B1D00A7D06C /* Debug */,
				831E293E21886B1D00A7D06C /* Release */,
			);
			defaultConfigurationIsVisible = 0;
			defaultConfigurationName = Release;
		};
		831E293F21886B1D00A7D06C /* Build configuration list for PBXNativeTarget "VideoSlicer" */ = {
			isa = XCConfigurationList;
			buildConfigurations = (
				831E294021886B1D00A7D06C /* Debug */,
				831E294121886B1D00A7D06C /* Release */,
			);
			defaultConfigurationIsVisible = 0;
			defaultConfigurationName = Release;
		};
/* End XCConfigurationList section */
	};
	rootObject = 831E292121886B1B00A7D06C /* Project object */;
}
